apiVersion: vendir.k14s.io/v1alpha1
directories:
- contents:
  - git:
      commitTitle: 'release: prepare v0.18.5 (#1843)...'
      sha: 68dcb68aab9161dae3ec34cb0ced9f1608462f8a
      tags:
      - v0.18.5
    path: .
  path: helm/trivy-operator/charts/trivy-operator
- contents:
  - git:
      commitTitle: 'release: prepare v0.18.5 (#1843)...'
      sha: 68dcb68aab9161dae3ec34cb0ced9f1608462f8a
      tags:
      - v0.18.5
    path: .
  path: helm/trivy-operator/crds
- contents:
  - git:
      commitTitle: 'release: prepare v0.18.5 (#1843)...'
      sha: 68dcb68aab9161dae3ec34cb0ced9f1608462f8a
      tags:
      - v0.18.5
    path: .
  path: helm/trivy-operator/specs
kind: LockConfig
