apiVersion: vendir.k14s.io/v1alpha1
directories:
- contents:
  - git:
      commitTitle: 'chore: disable cluster cache (#1806)...'
      sha: 9815acd81d1988935909d92d85fc5e58e800de3a
      tags:
      - v0.18.3
    path: .
  path: helm/trivy-operator/charts/trivy-operator
- contents:
  - git:
      commitTitle: 'chore: disable cluster cache (#1806)...'
      sha: 9815acd81d1988935909d92d85fc5e58e800de3a
      tags:
      - v0.18.3
    path: .
  path: helm/trivy-operator/crds
- contents:
  - git:
      commitTitle: 'chore: disable cluster cache (#1806)...'
      sha: 9815acd81d1988935909d92d85fc5e58e800de3a
      tags:
      - v0.18.3
    path: .
  path: helm/trivy-operator/specs
kind: LockConfig
